
Microsoft Visual Studio Solution File, Format Version 12.00
# Visual Studio 2013
VisualStudioVersion = 12.0.31101.0
MinimumVisualStudioVersion = 10.0.40219.1
Project("{FAE04EC0-301F-11D3-BF4B-00C04F79EFBC}") = "CustomConfigurationSection", "CustomConfigurationSection\CustomConfigurationSection.csproj", "{20A6F263-FDAF-44BC-8F0C-9F1BDFB91667}"
EndProject
Project("{FAE04EC0-301F-11D3-BF4B-00C04F79EFBC}") = "TextTemplateCode", "TextTemplateCode\TextTemplateCode.csproj", "{C2F72E53-BF10-450B-9AF9-9AEB23514687}"
EndProject
Project("{FAE04EC0-301F-11D3-BF4B-00C04F79EFBC}") = "LoggingModule", "LoggingModule\LoggingModule.csproj", "{BA67D335-3FF1-457B-96F8-4DBAD4E564DD}"
EndProject
Project("{FAE04EC0-301F-11D3-BF4B-00C04F79EFBC}") = "TextProcessing", "TextProcessing\TextProcessing.csproj", "{0248CD8C-42D9-4962-8082-13D44181F78F}"
EndProject
Project("{FAE04EC0-301F-11D3-BF4B-00C04F79EFBC}") = "ExampleWebApplication", "ExampleWebApplication\ExampleWebApplication.csproj", "{F113D8F0-DEBF-476C-BBF5-B8B86B364FE4}"
EndProject
Project("{FAE04EC0-301F-11D3-BF4B-00C04F79EFBC}") = "ExtensionMethods", "ExtensionMethods\ExtensionMethods.csproj", "{11775751-C3A5-4426-91AC-602EC520606E}"
EndProject
Project("{2150E333-8FDC-42A3-9474-1A3956D46DE8}") = "Solution Items", "Solution Items", "{EEFD415E-C288-4485-B46D-3369BD18A456}"
	ProjectSection(SolutionItems) = preProject
		LICENSE = LICENSE
		README.md = README.md
	EndProjectSection
EndProject
Project("{00D1A9C2-B5F0-4AF3-8072-F6C62B433612}") = "PhotoLockerDatabase", "PhotoLockerDatabase\PhotoLockerDatabase.sqlproj", "{113E87F4-E0A6-4ED9-BE81-43B2C2F7B9AF}"
EndProject
Global
	GlobalSection(SolutionConfigurationPlatforms) = preSolution
		Debug|Any CPU = Debug|Any CPU
		Release|Any CPU = Release|Any CPU
	EndGlobalSection
	GlobalSection(ProjectConfigurationPlatforms) = postSolution
		{20A6F263-FDAF-44BC-8F0C-9F1BDFB91667}.Debug|Any CPU.ActiveCfg = Debug|Any CPU
		{20A6F263-FDAF-44BC-8F0C-9F1BDFB91667}.Debug|Any CPU.Build.0 = Debug|Any CPU
		{20A6F263-FDAF-44BC-8F0C-9F1BDFB91667}.Release|Any CPU.ActiveCfg = Release|Any CPU
		{20A6F263-FDAF-44BC-8F0C-9F1BDFB91667}.Release|Any CPU.Build.0 = Release|Any CPU
		{C2F72E53-BF10-450B-9AF9-9AEB23514687}.Debug|Any CPU.ActiveCfg = Debug|Any CPU
		{C2F72E53-BF10-450B-9AF9-9AEB23514687}.Debug|Any CPU.Build.0 = Debug|Any CPU
		{C2F72E53-BF10-450B-9AF9-9AEB23514687}.Release|Any CPU.ActiveCfg = Release|Any CPU
		{C2F72E53-BF10-450B-9AF9-9AEB23514687}.Release|Any CPU.Build.0 = Release|Any CPU
		{BA67D335-3FF1-457B-96F8-4DBAD4E564DD}.Debug|Any CPU.ActiveCfg = Debug|Any CPU
		{BA67D335-3FF1-457B-96F8-4DBAD4E564DD}.Debug|Any CPU.Build.0 = Debug|Any CPU
		{BA67D335-3FF1-457B-96F8-4DBAD4E564DD}.Release|Any CPU.ActiveCfg = Release|Any CPU
		{BA67D335-3FF1-457B-96F8-4DBAD4E564DD}.Release|Any CPU.Build.0 = Release|Any CPU
		{0248CD8C-42D9-4962-8082-13D44181F78F}.Debug|Any CPU.ActiveCfg = Debug|Any CPU
		{0248CD8C-42D9-4962-8082-13D44181F78F}.Debug|Any CPU.Build.0 = Debug|Any CPU
		{0248CD8C-42D9-4962-8082-13D44181F78F}.Release|Any CPU.ActiveCfg = Release|Any CPU
		{0248CD8C-42D9-4962-8082-13D44181F78F}.Release|Any CPU.Build.0 = Release|Any CPU
		{F113D8F0-DEBF-476C-BBF5-B8B86B364FE4}.Debug|Any CPU.ActiveCfg = Debug|Any CPU
		{F113D8F0-DEBF-476C-BBF5-B8B86B364FE4}.Debug|Any CPU.Build.0 = Debug|Any CPU
		{F113D8F0-DEBF-476C-BBF5-B8B86B364FE4}.Release|Any CPU.ActiveCfg = Release|Any CPU
		{F113D8F0-DEBF-476C-BBF5-B8B86B364FE4}.Release|Any CPU.Build.0 = Release|Any CPU
		{11775751-C3A5-4426-91AC-602EC520606E}.Debug|Any CPU.ActiveCfg = Debug|Any CPU
		{11775751-C3A5-4426-91AC-602EC520606E}.Debug|Any CPU.Build.0 = Debug|Any CPU
		{11775751-C3A5-4426-91AC-602EC520606E}.Release|Any CPU.ActiveCfg = Release|Any CPU
		{11775751-C3A5-4426-91AC-602EC520606E}.Release|Any CPU.Build.0 = Release|Any CPU
		{113E87F4-E0A6-4ED9-BE81-43B2C2F7B9AF}.Debug|Any CPU.ActiveCfg = Debug|Any CPU
		{113E87F4-E0A6-4ED9-BE81-43B2C2F7B9AF}.Debug|Any CPU.Build.0 = Debug|Any CPU
		{113E87F4-E0A6-4ED9-BE81-43B2C2F7B9AF}.Debug|Any CPU.Deploy.0 = Debug|Any CPU
		{113E87F4-E0A6-4ED9-BE81-43B2C2F7B9AF}.Release|Any CPU.ActiveCfg = Release|Any CPU
		{113E87F4-E0A6-4ED9-BE81-43B2C2F7B9AF}.Release|Any CPU.Build.0 = Release|Any CPU
		{113E87F4-E0A6-4ED9-BE81-43B2C2F7B9AF}.Release|Any CPU.Deploy.0 = Release|Any CPU
	EndGlobalSection
	GlobalSection(SolutionProperties) = preSolution
		HideSolutionNode = FALSE
	EndGlobalSection
EndGlobal
